
Microsoft Visual Studio Solution File, Format Version 12.00
# Visual Studio Version 16
VisualStudioVersion = 16.0.30804.86
MinimumVisualStudioVersion = 10.0.40219.1
Project("{FAE04EC0-301F-11D3-BF4B-00C04F79EFBC}") = "List", "List\List.csproj", "{68D4D4CA-36D9-4623-8B1D-B1FD81A6AE1A}"
EndProject
Global
	GlobalSection(SolutionConfigurationPlatforms) = preSolution
		Debug|Any CPU = Debug|Any CPU
		Release|Any CPU = Release|Any CPU
	EndGlobalSection
	GlobalSection(ProjectConfigurationPlatforms) = postSolution
		{68D4D4CA-36D9-4623-8B1D-B1FD81A6AE1A}.Debug|Any CPU.ActiveCfg = Debug|Any CPU
		{68D4D4CA-36D9-4623-8B1D-B1FD81A6AE1A}.Debug|Any CPU.Build.0 = Debug|Any CPU
		{68D4D4CA-36D9-4623-8B1D-B1FD81A6AE1A}.Release|Any CPU.ActiveCfg = Release|Any CPU
		{68D4D4CA-36D9-4623-8B1D-B1FD81A6AE1A}.Release|Any CPU.Build.0 = Release|Any CPU
	EndGlobalSection
	GlobalSection(SolutionProperties) = preSolution
		HideSolutionNode = FALSE
	EndGlobalSection
	GlobalSection(ExtensibilityGlobals) = postSolution
		SolutionGuid = {B4445FFE-899A-4D51-9B50-BDD9B1326945}
	EndGlobalSection
EndGlobal
